
Microsoft Visual Studio Solution File, Format Version 12.00
# Visual Studio 14
VisualStudioVersion = 14.0.25420.1
MinimumVisualStudioVersion = 10.0.40219.1
Project("{FAE04EC0-301F-11D3-BF4B-00C04F79EFBC}") = "MercaClick", "MercaClick\MercaClick.csproj", "{EA50DDF6-E8BC-4F5B-8D52-9C3CA79FDECD}"
EndProject
Global
	GlobalSection(SolutionConfigurationPlatforms) = preSolution
		Debug|Any CPU = Debug|Any CPU
		Release|Any CPU = Release|Any CPU
	EndGlobalSection
	GlobalSection(ProjectConfigurationPlatforms) = postSolution
		{EA50DDF6-E8BC-4F5B-8D52-9C3CA79FDECD}.Debug|Any CPU.ActiveCfg = Debug|Any CPU
		{EA50DDF6-E8BC-4F5B-8D52-9C3CA79FDECD}.Debug|Any CPU.Build.0 = Debug|Any CPU
		{EA50DDF6-E8BC-4F5B-8D52-9C3CA79FDECD}.Release|Any CPU.ActiveCfg = Release|Any CPU
		{EA50DDF6-E8BC-4F5B-8D52-9C3CA79FDECD}.Release|Any CPU.Build.0 = Release|Any CPU
	EndGlobalSection
	GlobalSection(SolutionProperties) = preSolution
		HideSolutionNode = FALSE
	EndGlobalSection
EndGlobal
